
Microsoft Visual Studio Solution File, Format Version 12.00
# Visual Studio 2012
Project("{FAE04EC0-301F-11D3-BF4B-00C04F79EFBC}") = "Inamu.Sidoc", "Inamu.Sidoc\Inamu.Sidoc.csproj", "{72EABE94-FCAE-4FDC-94E9-C2B47254DE72}"
EndProject
Project("{2150E333-8FDC-42A3-9474-1A3956D46DE8}") = ".nuget", ".nuget", "{D924130F-2406-4D7C-AF36-B2A5E5F92E26}"
	ProjectSection(SolutionItems) = preProject
		.nuget\NuGet.Config = .nuget\NuGet.Config
		.nuget\NuGet.exe = .nuget\NuGet.exe
		.nuget\NuGet.targets = .nuget\NuGet.targets
	EndProjectSection
EndProject
Global
	GlobalSection(SolutionConfigurationPlatforms) = preSolution
		Debug|Any CPU = Debug|Any CPU
		Release|Any CPU = Release|Any CPU
	EndGlobalSection
	GlobalSection(ProjectConfigurationPlatforms) = postSolution
		{72EABE94-FCAE-4FDC-94E9-C2B47254DE72}.Debug|Any CPU.ActiveCfg = Debug|Any CPU
		{72EABE94-FCAE-4FDC-94E9-C2B47254DE72}.Debug|Any CPU.Build.0 = Debug|Any CPU
		{72EABE94-FCAE-4FDC-94E9-C2B47254DE72}.Release|Any CPU.ActiveCfg = Release|Any CPU
		{72EABE94-FCAE-4FDC-94E9-C2B47254DE72}.Release|Any CPU.Build.0 = Release|Any CPU
	EndGlobalSection
	GlobalSection(SolutionProperties) = preSolution
		HideSolutionNode = FALSE
	EndGlobalSection
EndGlobal
